// !$*UTF8*$!
{
	archiveVersion = 1;
	classes = {
	};
	objectVersion = 100;
	objects = {

/* Begin PBXBuildFile section */
		00239FDC13BF73693DBB6D3E /* OpenAPIURLSession in Frameworks */ = {isa = PBXBuildFile; productRef = 02BEE0611CFB50A96F5A0656 /* OpenAPIURLSession */; };
		02FE08D6CC60C654A749267A /* WardrobeModels.swift in Sources */ = {isa = PBXBuildFile; fileRef = 25EDF81C8D6699B5F851889F /* WardrobeModels.swift */; };
		04C33BBB18064E6827CAF05D /* OOTDSchema.swift in Sources */ = {isa = PBXBuildFile; fileRef = B028927DBEB230FEA1D1E4F5 /* OOTDSchema.swift */; };
		065ED7D18FA3335B2F6BE91E /* SystemAvatarPhotoPicker.swift in Sources */ = {isa = PBXBuildFile; fileRef = 515765F19E4294DC3D285484 /* SystemAvatarPhotoPicker.swift */; };
		07D303511A494FAD9CCDC98A /* ThenApp/Services/Photos/SystemWardrobePhotoPicker.swift in Sources */ = {isa = PBXBuildFile; fileRef = BD84669C1C3A4F018109EF2A /* ThenApp/Services/Photos/SystemWardrobePhotoPicker.swift */; };
		09A422587FC702D71B101676 /* AvatarPhotoTemporarySessionStoreTests.swift in Sources */ = {isa = PBXBuildFile; fileRef = 5AF3005C0C309C6B72821ADB /* AvatarPhotoTemporarySessionStoreTests.swift */; };
		10B9B15FBAD3410DAA11A3BE /* ThenAppTests/OutfitPlanRepositoryTests.swift in Sources */ = {isa = PBXBuildFile; fileRef = 72E1626DE65641EA884DA582 /* ThenAppTests/OutfitPlanRepositoryTests.swift */; };
		11A456BD8C0B4829846CDBAB /* ThenAppTests/VisionWardrobePersonAnalyzerTests.swift in Sources */ = {isa = PBXBuildFile; fileRef = B7BBDE0DA3F2496495A08724 /* ThenAppTests/VisionWardrobePersonAnalyzerTests.swift */; };
		1343E1D5B15241A7AA93C592 /* ThenApp/Services/Imaging/VisionWardrobePersonAnalyzer.swift in Sources */ = {isa = PBXBuildFile; fileRef = 12E6CDC87DCD454F9B99FDA2 /* ThenApp/Services/Imaging/VisionWardrobePersonAnalyzer.swift */; };
		179A6C099DB68BC875CB2BF0 /* ThenTransportTests.swift in Sources */ = {isa = PBXBuildFile; fileRef = 0AC7E37D68FD864DF2A06A16 /* ThenTransportTests.swift */; };
		209AC6E1302BC5F8FB2E8325 /* ThenAppUITests.swift in Sources */ = {isa = PBXBuildFile; fileRef = 3EDF4B41BCB10051585A9C2A /* ThenAppUITests.swift */; };
		23F1319622714009B827464C /* ThenApp/Services/Imaging/PixelOnlyPNG.swift in Sources */ = {isa = PBXBuildFile; fileRef = 15D40EECAF6E4E3AA6C54118 /* ThenApp/Services/Imaging/PixelOnlyPNG.swift */; };
		2EDEBB8D877F9DB0BCE0D125 /* ThenApp.swift in Sources */ = {isa = PBXBuildFile; fileRef = 5F449F280C9D45D8C2C0CC5E /* ThenApp.swift */; };
		301F14B8EFB34D59A8FAB5EB /* ThenApp/Data/Outfits/OutfitPlanPersistence.swift in Sources */ = {isa = PBXBuildFile; fileRef = 5FBD6BECEE6A4A02A0E241B7 /* ThenApp/Data/Outfits/OutfitPlanPersistence.swift */; };
		308E0A4501291AC830DA27C3 /* ThenAppTests/Support/WardrobeMediaLifecycleProbe.swift in Sources */ = {isa = PBXBuildFile; fileRef = BB906D6E48BD71DA3A19FDB9 /* ThenAppTests/Support/WardrobeMediaLifecycleProbe.swift */; };
		389174FA25DC405B9DC512C9 /* ThenAppTests/WardrobePhotoPreparerTests.swift in Sources */ = {isa = PBXBuildFile; fileRef = BB0ABA3682DF4D31BA2EFBE1 /* ThenAppTests/WardrobePhotoPreparerTests.swift */; };
		4357DE38D080CED18DB1028F /* ThenTransport.framework in Frameworks */ = {isa = PBXBuildFile; fileRef = A7F1B274E154AB3DEA157FF7 /* ThenTransport.framework */; };
		46B557789E14268D9BBEA4D1 /* AvatarPhotoIntakeModels.swift in Sources */ = {isa = PBXBuildFile; fileRef = 89851E22E84B3C4C3E35F061 /* AvatarPhotoIntakeModels.swift */; };
		4ACFA7DD876AA66256024EAC /* AvatarPhotoFileImporter.swift in Sources */ = {isa = PBXBuildFile; fileRef = 6F6626203F7EBC1D08E4D692 /* AvatarPhotoFileImporter.swift */; };
		4BD17317ED8041BDBACD47D6 /* ThenAppTests/WardrobePhotoReviewTests.swift in Sources */ = {isa = PBXBuildFile; fileRef = 0EB89371DC7F4799BCB88ECE /* ThenAppTests/WardrobePhotoReviewTests.swift */; };
		4C7E85093B7C46989E21E438 /* ThenApp/Services/Photos/WardrobePhotoFileImporter.swift in Sources */ = {isa = PBXBuildFile; fileRef = 058CA31D516F4C66921F7188 /* ThenApp/Services/Photos/WardrobePhotoFileImporter.swift */; };
		4FD4F2F5185B698294D7FE07 /* ThenTransport.framework in Frameworks */ = {isa = PBXBuildFile; fileRef = A7F1B274E154AB3DEA157FF7 /* ThenTransport.framework */; };
		550E1BE242B46537A0A41FE2 /* SystemAvatarPhotoPickerTests.swift in Sources */ = {isa = PBXBuildFile; fileRef = 3B2BA90B33F912B681829E76 /* SystemAvatarPhotoPickerTests.swift */; };
		5A1CAE12DC384175BB653283 /* ThenAppTests/OutfitPlanTests.swift in Sources */ = {isa = PBXBuildFile; fileRef = 24A623C1F1B74B6FB01AE34D /* ThenAppTests/OutfitPlanTests.swift */; };
		5B3040D1C6AC8DF11097D4EA /* AvatarPhotoQualityPolicyTests.swift in Sources */ = {isa = PBXBuildFile; fileRef = E387F631F40B95CD8C937D6C /* AvatarPhotoQualityPolicyTests.swift */; };
		5B4D811D5B3F4D7A8513A351 /* ThenApp/Services/Imaging/ImageIOWardrobePhotoPreparer.swift in Sources */ = {isa = PBXBuildFile; fileRef = BB8A669FFDFA4553AB2DD248 /* ThenApp/Services/Imaging/ImageIOWardrobePhotoPreparer.swift */; };
		6160976555DA2CBFA2B18CE3 /* WardrobeViewModelTests.swift in Sources */ = {isa = PBXBuildFile; fileRef = 3A5720D2CBCA51837C55C5F4 /* WardrobeViewModelTests.swift */; };
		6575EA1CB1A94C50A4F29209 /* ThenApp/Features/Outfits/Presentation/OutfitPlanView.swift in Sources */ = {isa = PBXBuildFile; fileRef = 26AEB7833456498C876D069C /* ThenApp/Features/Outfits/Presentation/OutfitPlanView.swift */; };
		6681100884953FA8EBD3F55C /* ThenApp/Features/Wardrobe/Domain/WardrobePhotoModels.swift in Sources */ = {isa = PBXBuildFile; fileRef = F53CBF02F72DCC4FABDC06BF /* ThenApp/Features/Wardrobe/Domain/WardrobePhotoModels.swift */; };
		6940954CFBFC53B9F1B87F77 /* WardrobeRepositoryTests.swift in Sources */ = {isa = PBXBuildFile; fileRef = 4FF0EE18A18112BC382B3EB6 /* WardrobeRepositoryTests.swift */; };
		747433C2D6E752C072EC3B23 /* WardrobeView.swift in Sources */ = {isa = PBXBuildFile; fileRef = 5818894B353203CF97AC2316 /* WardrobeView.swift */; };
		76D588567112E69C9A17A32E /* AvatarPhotoQualityPolicy.swift in Sources */ = {isa = PBXBuildFile; fileRef = A275B4F9C290B958FC0B72E5 /* AvatarPhotoQualityPolicy.swift */; };
		7C3B46D48C67C82F19A9A435 /* RootView.swift in Sources */ = {isa = PBXBuildFile; fileRef = 463A6DDECCD9B80EB9D5FF65 /* RootView.swift */; };
		818151B6764A4ED0A5437FE7 /* ThenAppTests/Support/WardrobeVisionProbe.swift in Sources */ = {isa = PBXBuildFile; fileRef = 9DC1E222DC394BBAA496EC7A /* ThenAppTests/Support/WardrobeVisionProbe.swift */; };
		82C262B41823785455696DBF /* AvatarPhotoFileImporterTests.swift in Sources */ = {isa = PBXBuildFile; fileRef = 3D3776473CA3F5E9C3174F61 /* AvatarPhotoFileImporterTests.swift */; };
		86C8576E30014441A7448500 /* ThenAppTests/WardrobePhotoFileImporterTests.swift in Sources */ = {isa = PBXBuildFile; fileRef = 432D1510EA2045F29D3C373C /* ThenAppTests/WardrobePhotoFileImporterTests.swift */; };
		88E37753086BFEBA9CDFDB58 /* AvatarPhotoIntake in Resources */ = {isa = PBXBuildFile; fileRef = 56E21C2D103063EBF7F67C88 /* AvatarPhotoIntake */; };
		8909BC8359BD8343431DB225 /* GRDBWardrobeRepository.swift in Sources */ = {isa = PBXBuildFile; fileRef = 15884B1ACCD396A5027BB64F /* GRDBWardrobeRepository.swift */; };
		96154EDE648F7109D398F989 /* WardrobeViewModel.swift in Sources */ = {isa = PBXBuildFile; fileRef = EA230F2C5AE1964DA2E5AA59 /* WardrobeViewModel.swift */; };
		976712A3D614B994AEAD94E5 /* ImageIOAvatarPhotoSanitizer.swift in Sources */ = {isa = PBXBuildFile; fileRef = F18386DCCB287BD887832A41 /* ImageIOAvatarPhotoSanitizer.swift */; };
		9C3DB5089E57B70446820CF8 /* openapi-generator-config.yaml in Sources */ = {isa = PBXBuildFile; fileRef = 9845780BA6924D26C20502F6 /* openapi-generator-config.yaml */; };
		9E8D9D22CD8469DBB561CE58 /* ImageIOAvatarPhotoSanitizerTests.swift in Sources */ = {isa = PBXBuildFile; fileRef = C2FC5E23E25222AA854B8EDD /* ImageIOAvatarPhotoSanitizerTests.swift */; };
		9IA000000000000000000001 /* PrivacyInfo.xcprivacy in Resources */ = {isa = PBXBuildFile; fileRef = 9IB000000000000000000001 /* PrivacyInfo.xcprivacy */; };
		9JA000000000000000000001 /* Localizable.xcstrings in Resources */ = {isa = PBXBuildFile; fileRef = 9JB000000000000000000001 /* Localizable.xcstrings */; };
		9JA000000000000000000002 /* InfoPlist.xcstrings in Resources */ = {isa = PBXBuildFile; fileRef = 9JB000000000000000000002 /* InfoPlist.xcstrings */; };
		A10000000000000000000001 /* AvatarStudioView.swift in Sources */ = {isa = PBXBuildFile; fileRef = B10000000000000000000001 /* AvatarStudioView.swift */; };
		A10000000000000000000002 /* ThreeAvatarView.swift in Sources */ = {isa = PBXBuildFile; fileRef = B10000000000000000000002 /* ThreeAvatarView.swift */; };
		A2F000000000000000000001 /* AvatarAssetCatalog.swift in Sources */ = {isa = PBXBuildFile; fileRef = B2F000000000000000000001 /* AvatarAssetCatalog.swift */; };
		A10000000000000000000003 /* Resources/AvatarStudio in Resources */ = {isa = PBXBuildFile; fileRef = B10000000000000000000003 /* Resources/AvatarStudio */; };
		A10000000000000000000004 /* AvatarStudioModelTests.swift in Sources */ = {isa = PBXBuildFile; fileRef = B10000000000000000000004 /* AvatarStudioModelTests.swift */; };
		A1712B5FC90441409F1071D2 /* ThenApp/Services/Photos/WardrobePhotoPickerButton.swift in Sources */ = {isa = PBXBuildFile; fileRef = 5FFF9F7B294F46FBAB7EC309 /* ThenApp/Services/Photos/WardrobePhotoPickerButton.swift */; };
		A7AB3802B7904279B47C6324 /* ThenAppTests/OutfitPlanViewModelTests.swift in Sources */ = {isa = PBXBuildFile; fileRef = 0175B1E7F16840708C7E4369 /* ThenAppTests/OutfitPlanViewModelTests.swift */; };
		A8C2FA90C7F24FAD9E01754F /* ThenApp/Features/Outfits/Presentation/OutfitPlanViewModel.swift in Sources */ = {isa = PBXBuildFile; fileRef = D191F3E6FDE2403DA058EBA5 /* ThenApp/Features/Outfits/Presentation/OutfitPlanViewModel.swift */; };
		ACC848F03B0E491FBA2ED0BE /* ThenApp/Services/Imaging/WardrobePhotoImage.swift in Sources */ = {isa = PBXBuildFile; fileRef = D595263680534FFF9BF5586A /* ThenApp/Services/Imaging/WardrobePhotoImage.swift */; };
		B23592FEAA4C48C8BBC71264 /* ThenAppTests/SystemWardrobePhotoPickerTests.swift in Sources */ = {isa = PBXBuildFile; fileRef = 14668FDC820C427B9E15F726 /* ThenAppTests/SystemWardrobePhotoPickerTests.swift */; };
		B3092FD15DA7CCD4E7779BFA /* HTTPTypes in Frameworks */ = {isa = PBXBuildFile; productRef = F5EA68A49EF90BC27CD2A37D /* HTTPTypes */; };
		B417BBCF8FFC467FBD99E139 /* ThenAppTests/WardrobeItemPhotoSaveTests.swift in Sources */ = {isa = PBXBuildFile; fileRef = 6B6459C7D5094985963B65EC /* ThenAppTests/WardrobeItemPhotoSaveTests.swift */; };
		B677C7A5B09A56DF93A3920F /* GRDB in Frameworks */ = {isa = PBXBuildFile; productRef = C6172DF9179DD456FAE1F314 /* GRDB */; };
		BE71C09A3B622E4DDB264B77 /* AvatarPhotoTemporarySessionStore.swift in Sources */ = {isa = PBXBuildFile; fileRef = D1B01DB6CC85234E5E691871 /* AvatarPhotoTemporarySessionStore.swift */; };
		C131B3A8068507E583E73BC7 /* ThenApp/Data/Wardrobe/WardrobePhotoPersistence.swift in Sources */ = {isa = PBXBuildFile; fileRef = F978823F2F58DB7BA73D5B1C /* ThenApp/Data/Wardrobe/WardrobePhotoPersistence.swift */; };
		D160802E8CE84AFD8EE5047E /* ThenApp/Features/Wardrobe/Domain/WardrobePhotoReview.swift in Sources */ = {isa = PBXBuildFile; fileRef = B3AA9F053C2D4E6F8024F150 /* ThenApp/Features/Wardrobe/Domain/WardrobePhotoReview.swift */; };
		D8B86D9947893A57EFD07BBA /* OOTDAppModel.swift in Sources */ = {isa = PBXBuildFile; fileRef = CE2F113F6E60A632BA2C347A /* OOTDAppModel.swift */; };
		DBD0ED71F8D9B7CD79C34225 /* OpenAPIRuntime in Frameworks */ = {isa = PBXBuildFile; productRef = 1238C53EC6F4C5D1AF5C7CD8 /* OpenAPIRuntime */; };
		DDAA00000000000000000001 /* Assets.xcassets in Resources */ = {isa = PBXBuildFile; fileRef = DDBB00000000000000000001 /* Assets.xcassets */; };
		E1272548C8DED951EED0AA89 /* ThenAppTests/WardrobePhotoRepositoryTests.swift in Sources */ = {isa = PBXBuildFile; fileRef = 381931AFA752473E3940574A /* ThenAppTests/WardrobePhotoRepositoryTests.swift */; };
		E19F3B9E27BAF67012042071 /* ThenAppTests/WardrobeMediaLifecycleTests.swift in Sources */ = {isa = PBXBuildFile; fileRef = 7EDE0E69DDD164665F8936A5 /* ThenAppTests/WardrobeMediaLifecycleTests.swift */; };
		E583898870F14BA6A01AE7E7 /* WardrobeContentProbe in Resources */ = {isa = PBXBuildFile; fileRef = A7C1C4099358424682BD73B3 /* WardrobeContentProbe */; };
		E7F186EC19AEDBD04C515BFC /* openapi.yaml in Sources */ = {isa = PBXBuildFile; fileRef = E021A163CE3869AFBF3CC678 /* openapi.yaml */; };
		F144FF992F3249149A39F7F7 /* ThenAppTests/WardrobeVisionProbeTests.swift in Sources */ = {isa = PBXBuildFile; fileRef = 1EFD5CD215D74E99A86D9E95 /* ThenAppTests/WardrobeVisionProbeTests.swift */; };
		F1B02BC8E69042B49A352D4B /* ThenAppTests/WardrobePhotoEditingTests.swift in Sources */ = {isa = PBXBuildFile; fileRef = 7F15E91693B041F29AB32A04 /* ThenAppTests/WardrobePhotoEditingTests.swift */; };
		F2B16D4D5831BCA5C5028409 /* OpenAPIRuntime in Frameworks */ = {isa = PBXBuildFile; productRef = 1238C53EC6F4C5D1AF5C7CD8 /* OpenAPIRuntime */; };
		F2BAD1D905014955AF3AFA1B /* ThenApp/Features/Outfits/Domain/OutfitPlanModels.swift in Sources */ = {isa = PBXBuildFile; fileRef = AEC2F7D914084001B30A7877 /* ThenApp/Features/Outfits/Domain/OutfitPlanModels.swift */; };
/* End PBXBuildFile section */

/* Begin PBXContainerItemProxy section */
		591071597D79E28F5711CDFB /* PBXContainerItemProxy */ = {
			isa = PBXContainerItemProxy;
			containerPortal = 120BA4F31277F8B7E2864012 /* Project object */;
			proxyType = 1;
			remoteGlobalIDString = BC07D24FB6036D0E8E6A5B6B;
			remoteInfo = ThenApp;
		};
		82D3933384F7E18C17183B3D /* PBXContainerItemProxy */ = {
			isa = PBXContainerItemProxy;
			containerPortal = 120BA4F31277F8B7E2864012 /* Project object */;
			proxyType = 1;
			remoteGlobalIDString = BC07D24FB6036D0E8E6A5B6B;
			remoteInfo = ThenApp;
		};
		8A045D8B2DFBFC3390DA4E9B /* PBXContainerItemProxy */ = {
			isa = PBXContainerItemProxy;
			containerPortal = 120BA4F31277F8B7E2864012 /* Project object */;
			proxyType = 1;
			remoteGlobalIDString = BBD39ECB0AF261BF23743B73;
			remoteInfo = ThenTransport;
		};
/* End PBXContainerItemProxy section */

/* Begin PBXFileReference section */
		0175B1E7F16840708C7E4369 /* ThenAppTests/OutfitPlanViewModelTests.swift */ = {isa = PBXFileReference; lastKnownFileType = sourcecode.swift; path = ThenAppTests/OutfitPlanViewModelTests.swift; sourceTree = SOURCE_ROOT; };
		058CA31D516F4C66921F7188 /* ThenApp/Services/Photos/WardrobePhotoFileImporter.swift */ = {isa = PBXFileReference; lastKnownFileType = sourcecode.swift; path = ThenApp/Services/Photos/WardrobePhotoFileImporter.swift; sourceTree = SOURCE_ROOT; };
		0AC7E37D68FD864DF2A06A16 /* ThenTransportTests.swift */ = {isa = PBXFileReference; lastKnownFileType = sourcecode.swift; path = ThenTransportTests.swift; sourceTree = "<group>"; };
		0EB89371DC7F4799BCB88ECE /* ThenAppTests/WardrobePhotoReviewTests.swift */ = {isa = PBXFileReference; lastKnownFileType = sourcecode.swift; path = ThenAppTests/WardrobePhotoReviewTests.swift; sourceTree = SOURCE_ROOT; };
		12E6CDC87DCD454F9B99FDA2 /* ThenApp/Services/Imaging/VisionWardrobePersonAnalyzer.swift */ = {isa = PBXFileReference; lastKnownFileType = sourcecode.swift; path = ThenApp/Services/Imaging/VisionWardrobePersonAnalyzer.swift; sourceTree = SOURCE_ROOT; };
		14668FDC820C427B9E15F726 /* ThenAppTests/SystemWardrobePhotoPickerTests.swift */ = {isa = PBXFileReference; lastKnownFileType = sourcecode.swift; path = ThenAppTests/SystemWardrobePhotoPickerTests.swift; sourceTree = SOURCE_ROOT; };
		15884B1ACCD396A5027BB64F /* GRDBWardrobeRepository.swift */ = {isa = PBXFileReference; lastKnownFileType = sourcecode.swift; path = GRDBWardrobeRepository.swift; sourceTree = "<group>"; };
		15D40EECAF6E4E3AA6C54118 /* ThenApp/Services/Imaging/PixelOnlyPNG.swift */ = {isa = PBXFileReference; lastKnownFileType = sourcecode.swift; path = ThenApp/Services/Imaging/PixelOnlyPNG.swift; sourceTree = SOURCE_ROOT; };
		1EFD5CD215D74E99A86D9E95 /* ThenAppTests/WardrobeVisionProbeTests.swift */ = {isa = PBXFileReference; lastKnownFileType = sourcecode.swift; path = ThenAppTests/WardrobeVisionProbeTests.swift; sourceTree = SOURCE_ROOT; };
		24A623C1F1B74B6FB01AE34D /* ThenAppTests/OutfitPlanTests.swift */ = {isa = PBXFileReference; lastKnownFileType = sourcecode.swift; path = ThenAppTests/OutfitPlanTests.swift; sourceTree = SOURCE_ROOT; };
		25EDF81C8D6699B5F851889F /* WardrobeModels.swift */ = {isa = PBXFileReference; lastKnownFileType = sourcecode.swift; path = WardrobeModels.swift; sourceTree = "<group>"; };
		26AEB7833456498C876D069C /* ThenApp/Features/Outfits/Presentation/OutfitPlanView.swift */ = {isa = PBXFileReference; lastKnownFileType = sourcecode.swift; path = ThenApp/Features/Outfits/Presentation/OutfitPlanView.swift; sourceTree = SOURCE_ROOT; };
		381931AFA752473E3940574A /* ThenAppTests/WardrobePhotoRepositoryTests.swift */ = {isa = PBXFileReference; lastKnownFileType = sourcecode.swift; path = ThenAppTests/WardrobePhotoRepositoryTests.swift; sourceTree = SOURCE_ROOT; };
		3A5720D2CBCA51837C55C5F4 /* WardrobeViewModelTests.swift */ = {isa = PBXFileReference; lastKnownFileType = sourcecode.swift; path = WardrobeViewModelTests.swift; sourceTree = "<group>"; };
		3B2BA90B33F912B681829E76 /* SystemAvatarPhotoPickerTests.swift */ = {isa = PBXFileReference; lastKnownFileType = sourcecode.swift; path = SystemAvatarPhotoPickerTests.swift; sourceTree = "<group>"; };
		3D3776473CA3F5E9C3174F61 /* AvatarPhotoFileImporterTests.swift */ = {isa = PBXFileReference; lastKnownFileType = sourcecode.swift; path = AvatarPhotoFileImporterTests.swift; sourceTree = "<group>"; };
		3EDF4B41BCB10051585A9C2A /* ThenAppUITests.swift */ = {isa = PBXFileReference; includeInIndex = 1; lastKnownFileType = sourcecode.swift; path = ThenAppUITests.swift; sourceTree = "<group>"; };
		432D1510EA2045F29D3C373C /* ThenAppTests/WardrobePhotoFileImporterTests.swift */ = {isa = PBXFileReference; lastKnownFileType = sourcecode.swift; path = ThenAppTests/WardrobePhotoFileImporterTests.swift; sourceTree = SOURCE_ROOT; };
		463A6DDECCD9B80EB9D5FF65 /* RootView.swift */ = {isa = PBXFileReference; includeInIndex = 1; lastKnownFileType = sourcecode.swift; path = RootView.swift; sourceTree = "<group>"; };
		4FF0EE18A18112BC382B3EB6 /* WardrobeRepositoryTests.swift */ = {isa = PBXFileReference; lastKnownFileType = sourcecode.swift; path = WardrobeRepositoryTests.swift; sourceTree = "<group>"; };
		515765F19E4294DC3D285484 /* SystemAvatarPhotoPicker.swift */ = {isa = PBXFileReference; lastKnownFileType = sourcecode.swift; path = SystemAvatarPhotoPicker.swift; sourceTree = "<group>"; };
		56E21C2D103063EBF7F67C88 /* AvatarPhotoIntake */ = {isa = PBXFileReference; lastKnownFileType = folder; path = AvatarPhotoIntake; sourceTree = "<group>"; };
		5818894B353203CF97AC2316 /* WardrobeView.swift */ = {isa = PBXFileReference; lastKnownFileType = sourcecode.swift; path = WardrobeView.swift; sourceTree = "<group>"; };
		5AF3005C0C309C6B72821ADB /* AvatarPhotoTemporarySessionStoreTests.swift */ = {isa = PBXFileReference; lastKnownFileType = sourcecode.swift; path = AvatarPhotoTemporarySessionStoreTests.swift; sourceTree = "<group>"; };
		5F449F280C9D45D8C2C0CC5E /* ThenApp.swift */ = {isa = PBXFileReference; includeInIndex = 1; lastKnownFileType = sourcecode.swift; path = ThenApp.swift; sourceTree = "<group>"; };
		5FBD6BECEE6A4A02A0E241B7 /* ThenApp/Data/Outfits/OutfitPlanPersistence.swift */ = {isa = PBXFileReference; lastKnownFileType = sourcecode.swift; path = ThenApp/Data/Outfits/OutfitPlanPersistence.swift; sourceTree = SOURCE_ROOT; };
		5FFF9F7B294F46FBAB7EC309 /* ThenApp/Services/Photos/WardrobePhotoPickerButton.swift */ = {isa = PBXFileReference; lastKnownFileType = sourcecode.swift; path = ThenApp/Services/Photos/WardrobePhotoPickerButton.swift; sourceTree = SOURCE_ROOT; };
		6B6459C7D5094985963B65EC /* ThenAppTests/WardrobeItemPhotoSaveTests.swift */ = {isa = PBXFileReference; lastKnownFileType = sourcecode.swift; path = ThenAppTests/WardrobeItemPhotoSaveTests.swift; sourceTree = SOURCE_ROOT; };
		6F6626203F7EBC1D08E4D692 /* AvatarPhotoFileImporter.swift */ = {isa = PBXFileReference; lastKnownFileType = sourcecode.swift; path = AvatarPhotoFileImporter.swift; sourceTree = "<group>"; };
		72E1626DE65641EA884DA582 /* ThenAppTests/OutfitPlanRepositoryTests.swift */ = {isa = PBXFileReference; lastKnownFileType = sourcecode.swift; path = ThenAppTests/OutfitPlanRepositoryTests.swift; sourceTree = SOURCE_ROOT; };
		7EDE0E69DDD164665F8936A5 /* ThenAppTests/WardrobeMediaLifecycleTests.swift */ = {isa = PBXFileReference; lastKnownFileType = sourcecode.swift; path = ThenAppTests/WardrobeMediaLifecycleTests.swift; sourceTree = SOURCE_ROOT; };
		7F15E91693B041F29AB32A04 /* ThenAppTests/WardrobePhotoEditingTests.swift */ = {isa = PBXFileReference; lastKnownFileType = sourcecode.swift; path = ThenAppTests/WardrobePhotoEditingTests.swift; sourceTree = SOURCE_ROOT; };
		89851E22E84B3C4C3E35F061 /* AvatarPhotoIntakeModels.swift */ = {isa = PBXFileReference; lastKnownFileType = sourcecode.swift; path = AvatarPhotoIntakeModels.swift; sourceTree = "<group>"; };
		9845780BA6924D26C20502F6 /* openapi-generator-config.yaml */ = {isa = PBXFileReference; includeInIndex = 1; lastKnownFileType = text.yaml; path = "openapi-generator-config.yaml"; sourceTree = "<group>"; };
		9DC1E222DC394BBAA496EC7A /* ThenAppTests/Support/WardrobeVisionProbe.swift */ = {isa = PBXFileReference; lastKnownFileType = sourcecode.swift; path = ThenAppTests/Support/WardrobeVisionProbe.swift; sourceTree = SOURCE_ROOT; };
		9IB000000000000000000001 /* PrivacyInfo.xcprivacy */ = {isa = PBXFileReference; includeInIndex = 1; lastKnownFileType = text.xml; path = PrivacyInfo.xcprivacy; sourceTree = "<group>"; };
		9JB000000000000000000001 /* Localizable.xcstrings */ = {isa = PBXFileReference; includeInIndex = 1; lastKnownFileType = text.json.xcstrings; path = Localizable.xcstrings; sourceTree = "<group>"; };
		9JB000000000000000000002 /* InfoPlist.xcstrings */ = {isa = PBXFileReference; includeInIndex = 1; lastKnownFileType = text.json.xcstrings; path = InfoPlist.xcstrings; sourceTree = "<group>"; };
		A275B4F9C290B958FC0B72E5 /* AvatarPhotoQualityPolicy.swift */ = {isa = PBXFileReference; lastKnownFileType = sourcecode.swift; path = AvatarPhotoQualityPolicy.swift; sourceTree = "<group>"; };
		A37906A90D0BBE69D4EE243D /* ThenAppUITests.xctest */ = {isa = PBXFileReference; explicitFileType = wrapper.cfbundle; includeInIndex = 0; path = ThenAppUITests.xctest; sourceTree = BUILT_PRODUCTS_DIR; };
		A7C1C4099358424682BD73B3 /* WardrobeContentProbe */ = {isa = PBXFileReference; lastKnownFileType = folder; path = WardrobeContentProbe; sourceTree = "<group>"; };
		A7F1B274E154AB3DEA157FF7 /* ThenTransport.framework */ = {isa = PBXFileReference; explicitFileType = wrapper.framework; path = ThenTransport.framework; sourceTree = BUILT_PRODUCTS_DIR; };
		AEC2F7D914084001B30A7877 /* ThenApp/Features/Outfits/Domain/OutfitPlanModels.swift */ = {isa = PBXFileReference; lastKnownFileType = sourcecode.swift; path = ThenApp/Features/Outfits/Domain/OutfitPlanModels.swift; sourceTree = SOURCE_ROOT; };
		B028927DBEB230FEA1D1E4F5 /* OOTDSchema.swift */ = {isa = PBXFileReference; lastKnownFileType = sourcecode.swift; path = OOTDSchema.swift; sourceTree = "<group>"; };
		B10000000000000000000001 /* AvatarStudioView.swift */ = {isa = PBXFileReference; lastKnownFileType = sourcecode.swift; path = AvatarStudioView.swift; sourceTree = "<group>"; };
		B10000000000000000000002 /* ThreeAvatarView.swift */ = {isa = PBXFileReference; lastKnownFileType = sourcecode.swift; path = ThreeAvatarView.swift; sourceTree = "<group>"; };
		B2F000000000000000000001 /* AvatarAssetCatalog.swift */ = {isa = PBXFileReference; lastKnownFileType = sourcecode.swift; path = AvatarAssetCatalog.swift; sourceTree = "<group>"; };
		B10000000000000000000003 /* Resources/AvatarStudio */ = {isa = PBXFileReference; lastKnownFileType = folder; path = Resources/AvatarStudio; sourceTree = "<group>"; };
		B10000000000000000000004 /* AvatarStudioModelTests.swift */ = {isa = PBXFileReference; lastKnownFileType = sourcecode.swift; path = AvatarStudioModelTests.swift; sourceTree = "<group>"; };
		B10DFA76DE5D4B252855E96B /* ThenApp.app */ = {isa = PBXFileReference; explicitFileType = wrapper.application; includeInIndex = 0; path = ThenApp.app; sourceTree = BUILT_PRODUCTS_DIR; };
		B3AA9F053C2D4E6F8024F150 /* ThenApp/Features/Wardrobe/Domain/WardrobePhotoReview.swift */ = {isa = PBXFileReference; lastKnownFileType = sourcecode.swift; path = ThenApp/Features/Wardrobe/Domain/WardrobePhotoReview.swift; sourceTree = SOURCE_ROOT; };
		B7BBDE0DA3F2496495A08724 /* ThenAppTests/VisionWardrobePersonAnalyzerTests.swift */ = {isa = PBXFileReference; lastKnownFileType = sourcecode.swift; path = ThenAppTests/VisionWardrobePersonAnalyzerTests.swift; sourceTree = SOURCE_ROOT; };
		BB0ABA3682DF4D31BA2EFBE1 /* ThenAppTests/WardrobePhotoPreparerTests.swift */ = {isa = PBXFileReference; lastKnownFileType = sourcecode.swift; path = ThenAppTests/WardrobePhotoPreparerTests.swift; sourceTree = SOURCE_ROOT; };
		BB8A669FFDFA4553AB2DD248 /* ThenApp/Services/Imaging/ImageIOWardrobePhotoPreparer.swift */ = {isa = PBXFileReference; lastKnownFileType = sourcecode.swift; path = ThenApp/Services/Imaging/ImageIOWardrobePhotoPreparer.swift; sourceTree = SOURCE_ROOT; };
		BB906D6E48BD71DA3A19FDB9 /* ThenAppTests/Support/WardrobeMediaLifecycleProbe.swift */ = {isa = PBXFileReference; lastKnownFileType = sourcecode.swift; path = ThenAppTests/Support/WardrobeMediaLifecycleProbe.swift; sourceTree = SOURCE_ROOT; };
		BD84669C1C3A4F018109EF2A /* ThenApp/Services/Photos/SystemWardrobePhotoPicker.swift */ = {isa = PBXFileReference; lastKnownFileType = sourcecode.swift; path = ThenApp/Services/Photos/SystemWardrobePhotoPicker.swift; sourceTree = SOURCE_ROOT; };
		C2FC5E23E25222AA854B8EDD /* ImageIOAvatarPhotoSanitizerTests.swift */ = {isa = PBXFileReference; lastKnownFileType = sourcecode.swift; path = ImageIOAvatarPhotoSanitizerTests.swift; sourceTree = "<group>"; };
		CE2F113F6E60A632BA2C347A /* OOTDAppModel.swift */ = {isa = PBXFileReference; lastKnownFileType = sourcecode.swift; path = OOTDAppModel.swift; sourceTree = "<group>"; };
		D191F3E6FDE2403DA058EBA5 /* ThenApp/Features/Outfits/Presentation/OutfitPlanViewModel.swift */ = {isa = PBXFileReference; lastKnownFileType = sourcecode.swift; path = ThenApp/Features/Outfits/Presentation/OutfitPlanViewModel.swift; sourceTree = SOURCE_ROOT; };
		D1B01DB6CC85234E5E691871 /* AvatarPhotoTemporarySessionStore.swift */ = {isa = PBXFileReference; lastKnownFileType = sourcecode.swift; path = AvatarPhotoTemporarySessionStore.swift; sourceTree = "<group>"; };
		D595263680534FFF9BF5586A /* ThenApp/Services/Imaging/WardrobePhotoImage.swift */ = {isa = PBXFileReference; lastKnownFileType = sourcecode.swift; path = ThenApp/Services/Imaging/WardrobePhotoImage.swift; sourceTree = SOURCE_ROOT; };
		DDBB00000000000000000001 /* Assets.xcassets */ = {isa = PBXFileReference; lastKnownFileType = folder.assetcatalog; path = Assets.xcassets; sourceTree = "<group>"; };
		E021A163CE3869AFBF3CC678 /* openapi.yaml */ = {isa = PBXFileReference; includeInIndex = 1; lastKnownFileType = text.yaml; path = openapi.yaml; sourceTree = "<group>"; };
		E387F631F40B95CD8C937D6C /* AvatarPhotoQualityPolicyTests.swift */ = {isa = PBXFileReference; lastKnownFileType = sourcecode.swift; path = AvatarPhotoQualityPolicyTests.swift; sourceTree = "<group>"; };
		EA230F2C5AE1964DA2E5AA59 /* WardrobeViewModel.swift */ = {isa = PBXFileReference; lastKnownFileType = sourcecode.swift; path = WardrobeViewModel.swift; sourceTree = "<group>"; };
		F18386DCCB287BD887832A41 /* ImageIOAvatarPhotoSanitizer.swift */ = {isa = PBXFileReference; lastKnownFileType = sourcecode.swift; path = ImageIOAvatarPhotoSanitizer.swift; sourceTree = "<group>"; };
		F53CBF02F72DCC4FABDC06BF /* ThenApp/Features/Wardrobe/Domain/WardrobePhotoModels.swift */ = {isa = PBXFileReference; lastKnownFileType = sourcecode.swift; path = ThenApp/Features/Wardrobe/Domain/WardrobePhotoModels.swift; sourceTree = SOURCE_ROOT; };
		F978823F2F58DB7BA73D5B1C /* ThenApp/Data/Wardrobe/WardrobePhotoPersistence.swift */ = {isa = PBXFileReference; lastKnownFileType = sourcecode.swift; path = ThenApp/Data/Wardrobe/WardrobePhotoPersistence.swift; sourceTree = SOURCE_ROOT; };
		FEEA46C5758CE02775D5B87F /* ThenAppTests.xctest */ = {isa = PBXFileReference; explicitFileType = wrapper.cfbundle; includeInIndex = 0; path = ThenAppTests.xctest; sourceTree = BUILT_PRODUCTS_DIR; };
/* End PBXFileReference section */

/* Begin PBXFrameworksBuildPhase section */
		53E9A04DBA8819CBA84DC367 /* Frameworks */ = {
			isa = PBXFrameworksBuildPhase;
			files = (
				DBD0ED71F8D9B7CD79C34225 /* OpenAPIRuntime in Frameworks */,
			);
		};
		79A611AA0F19F9DE7EF68753 /* Frameworks */ = {
			isa = PBXFrameworksBuildPhase;
			files = (
				B677C7A5B09A56DF93A3920F /* GRDB in Frameworks */,
				4FD4F2F5185B698294D7FE07 /* ThenTransport.framework in Frameworks */,
				00239FDC13BF73693DBB6D3E /* OpenAPIURLSession in Frameworks */,
			);
		};
		D51F57B3DBE1C2AAFA887115 /* Frameworks */ = {
			isa = PBXFrameworksBuildPhase;
			files = (
				B3092FD15DA7CCD4E7779BFA /* HTTPTypes in Frameworks */,
				F2B16D4D5831BCA5C5028409 /* OpenAPIRuntime in Frameworks */,
				4357DE38D080CED18DB1028F /* ThenTransport.framework in Frameworks */,
			);
		};
/* End PBXFrameworksBuildPhase section */

/* Begin PBXGroup section */
		1B734BADBD74C7CEB6750E37 /* Imaging */ = {
			isa = PBXGroup;
			children = (
				BB8A669FFDFA4553AB2DD248 /* ThenApp/Services/Imaging/ImageIOWardrobePhotoPreparer.swift */,
				D595263680534FFF9BF5586A /* ThenApp/Services/Imaging/WardrobePhotoImage.swift */,
				12E6CDC87DCD454F9B99FDA2 /* ThenApp/Services/Imaging/VisionWardrobePersonAnalyzer.swift */,
				15D40EECAF6E4E3AA6C54118 /* ThenApp/Services/Imaging/PixelOnlyPNG.swift */,
				F18386DCCB287BD887832A41 /* ImageIOAvatarPhotoSanitizer.swift */,
				D1B01DB6CC85234E5E691871 /* AvatarPhotoTemporarySessionStore.swift */,
			);
			path = Imaging;
			sourceTree = "<group>";
		};
		311139C11C8BE2C7130C3A43 /* Features */ = {
			isa = PBXGroup;
			children = (
				EC7A95F2ED8A48F591E0D8D4 /* Outfits */,
				57D8B837036E3A12E601E568 /* Wardrobe */,
				F470B0AF7133A3D8E4BBAB9D /* Avatar */,
			);
			path = Features;
			sourceTree = "<group>";
		};
		4382DDBBEE6E9A5723D21425 /* ThenAppUITests */ = {
			isa = PBXGroup;
			children = (
				3EDF4B41BCB10051585A9C2A /* ThenAppUITests.swift */,
			);
			path = ThenAppUITests;
			sourceTree = "<group>";
		};
		44BF1D90C4F5E38C4F5607C2 /* Presentation */ = {
			isa = PBXGroup;
			children = (
				5818894B353203CF97AC2316 /* WardrobeView.swift */,
				EA230F2C5AE1964DA2E5AA59 /* WardrobeViewModel.swift */,
			);
			path = Presentation;
			sourceTree = "<group>";
		};
		4583574BB779E79EC26B648B /* Wardrobe */ = {
			isa = PBXGroup;
			children = (
				F978823F2F58DB7BA73D5B1C /* ThenApp/Data/Wardrobe/WardrobePhotoPersistence.swift */,
				15884B1ACCD396A5027BB64F /* GRDBWardrobeRepository.swift */,
			);
			path = Wardrobe;
			sourceTree = "<group>";
		};
		49910A2771AF137EF79AA070 /* Database */ = {
			isa = PBXGroup;
			children = (
				B028927DBEB230FEA1D1E4F5 /* OOTDSchema.swift */,
			);
			path = Database;
			sourceTree = "<group>";
		};
		4CB76DA76EF7F93758EF46C5 /* Products */ = {
			isa = PBXGroup;
			children = (
				A7F1B274E154AB3DEA157FF7 /* ThenTransport.framework */,
				B10DFA76DE5D4B252855E96B /* ThenApp.app */,
				FEEA46C5758CE02775D5B87F /* ThenAppTests.xctest */,
				A37906A90D0BBE69D4EE243D /* ThenAppUITests.xctest */,
			);
			name = Products;
			sourceTree = "<group>";
		};
		57D8B837036E3A12E601E568 /* Wardrobe */ = {
			isa = PBXGroup;
			children = (
				44BF1D90C4F5E38C4F5607C2 /* Presentation */,
				900A0752A60BD56859BDFED5 /* Domain */,
			);
			path = Wardrobe;
			sourceTree = "<group>";
		};
		67D36E3DBB337ABB49928E15 /* Photos */ = {
			isa = PBXGroup;
			children = (
				058CA31D516F4C66921F7188 /* ThenApp/Services/Photos/WardrobePhotoFileImporter.swift */,
				5FFF9F7B294F46FBAB7EC309 /* ThenApp/Services/Photos/WardrobePhotoPickerButton.swift */,
				BD84669C1C3A4F018109EF2A /* ThenApp/Services/Photos/SystemWardrobePhotoPicker.swift */,
				6F6626203F7EBC1D08E4D692 /* AvatarPhotoFileImporter.swift */,
				515765F19E4294DC3D285484 /* SystemAvatarPhotoPicker.swift */,
			);
			path = Photos;
			sourceTree = "<group>";
		};
		71BACB85C2DE6BE426FF19A1 /* ThenAppTests */ = {
			isa = PBXGroup;
			children = (
				B10000000000000000000004 /* AvatarStudioModelTests.swift */,
				0175B1E7F16840708C7E4369 /* ThenAppTests/OutfitPlanViewModelTests.swift */,
				72E1626DE65641EA884DA582 /* ThenAppTests/OutfitPlanRepositoryTests.swift */,
				24A623C1F1B74B6FB01AE34D /* ThenAppTests/OutfitPlanTests.swift */,
				1EFD5CD215D74E99A86D9E95 /* ThenAppTests/WardrobeVisionProbeTests.swift */,
				9DC1E222DC394BBAA496EC7A /* ThenAppTests/Support/WardrobeVisionProbe.swift */,
				432D1510EA2045F29D3C373C /* ThenAppTests/WardrobePhotoFileImporterTests.swift */,
				B7BBDE0DA3F2496495A08724 /* ThenAppTests/VisionWardrobePersonAnalyzerTests.swift */,
				0EB89371DC7F4799BCB88ECE /* ThenAppTests/WardrobePhotoReviewTests.swift */,
				14668FDC820C427B9E15F726 /* ThenAppTests/SystemWardrobePhotoPickerTests.swift */,
				BB0ABA3682DF4D31BA2EFBE1 /* ThenAppTests/WardrobePhotoPreparerTests.swift */,
				BB906D6E48BD71DA3A19FDB9 /* ThenAppTests/Support/WardrobeMediaLifecycleProbe.swift */,
				7EDE0E69DDD164665F8936A5 /* ThenAppTests/WardrobeMediaLifecycleTests.swift */,
				381931AFA752473E3940574A /* ThenAppTests/WardrobePhotoRepositoryTests.swift */,
				7F15E91693B041F29AB32A04 /* ThenAppTests/WardrobePhotoEditingTests.swift */,
				6B6459C7D5094985963B65EC /* ThenAppTests/WardrobeItemPhotoSaveTests.swift */,
				3A5720D2CBCA51837C55C5F4 /* WardrobeViewModelTests.swift */,
				4FF0EE18A18112BC382B3EB6 /* WardrobeRepositoryTests.swift */,
				0AC7E37D68FD864DF2A06A16 /* ThenTransportTests.swift */,
				3D3776473CA3F5E9C3174F61 /* AvatarPhotoFileImporterTests.swift */,
				3B2BA90B33F912B681829E76 /* SystemAvatarPhotoPickerTests.swift */,
				C7CD280714F7C43081E0AB20 /* Resources */,
				C2FC5E23E25222AA854B8EDD /* ImageIOAvatarPhotoSanitizerTests.swift */,
				5AF3005C0C309C6B72821ADB /* AvatarPhotoTemporarySessionStoreTests.swift */,
				E387F631F40B95CD8C937D6C /* AvatarPhotoQualityPolicyTests.swift */,
			);
			path = ThenAppTests;
			sourceTree = "<group>";
		};
		7F250193CD55062194A788AA /* Domain */ = {
			isa = PBXGroup;
			children = (
				89851E22E84B3C4C3E35F061 /* AvatarPhotoIntakeModels.swift */,
				A275B4F9C290B958FC0B72E5 /* AvatarPhotoQualityPolicy.swift */,
			);
			path = Domain;
			sourceTree = "<group>";
		};
		900A0752A60BD56859BDFED5 /* Domain */ = {
			isa = PBXGroup;
			children = (
				F53CBF02F72DCC4FABDC06BF /* ThenApp/Features/Wardrobe/Domain/WardrobePhotoModels.swift */,
				B3AA9F053C2D4E6F8024F150 /* ThenApp/Features/Wardrobe/Domain/WardrobePhotoReview.swift */,
				25EDF81C8D6699B5F851889F /* WardrobeModels.swift */,
			);
			path = Domain;
			sourceTree = "<group>";
		};
		96C000000000000000000001 /* Services */ = {
			isa = PBXGroup;
			children = (
				C10000000000000000000002 /* Rendering */,
				67D36E3DBB337ABB49928E15 /* Photos */,
				1B734BADBD74C7CEB6750E37 /* Imaging */,
			);
			path = Services;
			sourceTree = "<group>";
		};
		97081F5D19C22F767D54F065 /* Data */ = {
			isa = PBXGroup;
			children = (
				5FBD6BECEE6A4A02A0E241B7 /* ThenApp/Data/Outfits/OutfitPlanPersistence.swift */,
				4583574BB779E79EC26B648B /* Wardrobe */,
				49910A2771AF137EF79AA070 /* Database */,
			);
			path = Data;
			sourceTree = "<group>";
		};
		C10000000000000000000001 /* Presentation */ = {
			isa = PBXGroup;
			children = (
				B10000000000000000000001 /* AvatarStudioView.swift */,
			);
			path = Presentation;
			sourceTree = "<group>";
		};
		C10000000000000000000002 /* Rendering */ = {
			isa = PBXGroup;
			children = (
				B2F000000000000000000001 /* AvatarAssetCatalog.swift */,
				B10000000000000000000002 /* ThreeAvatarView.swift */,
			);
			path = Rendering;
			sourceTree = "<group>";
		};
		C111A927586426E81C180A07 /* ThenApp */ = {
			isa = PBXGroup;
			children = (
				DDBB00000000000000000001 /* Assets.xcassets */,
				97081F5D19C22F767D54F065 /* Data */,
				9JB000000000000000000001 /* Localizable.xcstrings */,
				9JB000000000000000000002 /* InfoPlist.xcstrings */,
				E6848F95EA0992986D343278 /* App */,
				311139C11C8BE2C7130C3A43 /* Features */,
				96C000000000000000000001 /* Services */,
				B10000000000000000000003 /* Resources/AvatarStudio */,
				E021A163CE3869AFBF3CC678 /* openapi.yaml */,
				9845780BA6924D26C20502F6 /* openapi-generator-config.yaml */,
			);
			path = ThenApp;
			sourceTree = "<group>";
		};
		C7CD280714F7C43081E0AB20 /* Resources */ = {
			isa = PBXGroup;
			children = (
				56E21C2D103063EBF7F67C88 /* AvatarPhotoIntake */,
				A7C1C4099358424682BD73B3 /* WardrobeContentProbe */,
			);
			path = Resources;
			sourceTree = "<group>";
		};
		E6848F95EA0992986D343278 /* App */ = {
			isa = PBXGroup;
			children = (
				CE2F113F6E60A632BA2C347A /* OOTDAppModel.swift */,
				5F449F280C9D45D8C2C0CC5E /* ThenApp.swift */,
				463A6DDECCD9B80EB9D5FF65 /* RootView.swift */,
				9IB000000000000000000001 /* PrivacyInfo.xcprivacy */,
			);
			path = App;
			sourceTree = "<group>";
		};
		EC7A95F2ED8A48F591E0D8D4 /* Outfits */ = {
			isa = PBXGroup;
			children = (
				26AEB7833456498C876D069C /* ThenApp/Features/Outfits/Presentation/OutfitPlanView.swift */,
				D191F3E6FDE2403DA058EBA5 /* ThenApp/Features/Outfits/Presentation/OutfitPlanViewModel.swift */,
				AEC2F7D914084001B30A7877 /* ThenApp/Features/Outfits/Domain/OutfitPlanModels.swift */,
			);
			path = Outfits;
			sourceTree = "<group>";
		};
		F0B64A2D346FFBBC58616FE8 = {
			isa = PBXGroup;
			children = (
				4CB76DA76EF7F93758EF46C5 /* Products */,
				C111A927586426E81C180A07 /* ThenApp */,
				71BACB85C2DE6BE426FF19A1 /* ThenAppTests */,
				4382DDBBEE6E9A5723D21425 /* ThenAppUITests */,
			);
			sourceTree = "<group>";
		};
		F470B0AF7133A3D8E4BBAB9D /* Avatar */ = {
			isa = PBXGroup;
			children = (
				C10000000000000000000001 /* Presentation */,
				7F250193CD55062194A788AA /* Domain */,
			);
			path = Avatar;
			sourceTree = "<group>";
		};
/* End PBXGroup section */

/* Begin PBXNativeTarget section */
		86B4D92DF57EB0602F8DFF60 /* ThenAppTests */ = {
			isa = PBXNativeTarget;
			buildConfigurationList = 1FE77A648D415DC0F5DE676B /* Build configuration list for PBXNativeTarget "ThenAppTests" */;
			buildPhases = (
				2126A56871C30A01FAE91766 /* Sources */,
				D51F57B3DBE1C2AAFA887115 /* Frameworks */,
				4D87F133E9741E1CFDDD4679 /* Resources */,
			);
			buildRules = (
			);
			dependencies = (
				F0EA7AC8BB05A7367AACBA99 /* PBXTargetDependency */,
			);
			name = ThenAppTests;
			packageProductDependencies = (
				F5EA68A49EF90BC27CD2A37D /* HTTPTypes */,
				1238C53EC6F4C5D1AF5C7CD8 /* OpenAPIRuntime */,
			);
			productName = ThenAppTests;
			productReference = FEEA46C5758CE02775D5B87F /* ThenAppTests.xctest */;
			productType = "com.apple.product-type.bundle.unit-test";
		};
		B462285BD7F77618EDDF0035 /* ThenAppUITests */ = {
			isa = PBXNativeTarget;
			buildConfigurationList = D3458B434622E93CC5B02447 /* Build configuration list for PBXNativeTarget "ThenAppUITests" */;
			buildPhases = (
				22E26125257CD5DFCA7A9EC9 /* Sources */,
				77675B2FFC5E0ED06923E2A8 /* Resources */,
			);
			buildRules = (
			);
			dependencies = (
				5A8E4EE7FA2AE7B0F6E2C42F /* PBXTargetDependency */,
			);
			name = ThenAppUITests;
			productName = ThenAppUITests;
			productReference = A37906A90D0BBE69D4EE243D /* ThenAppUITests.xctest */;
			productType = "com.apple.product-type.bundle.ui-testing";
		};
		BBD39ECB0AF261BF23743B73 /* ThenTransport */ = {
			isa = PBXNativeTarget;
			buildConfigurationList = E20B3A5C9A04BD04FF8F9DB7 /* Build configuration list for PBXNativeTarget "ThenTransport" */;
			buildPhases = (
				7709DAE2FE7BC5A53BE7B196 /* Sources */,
				53E9A04DBA8819CBA84DC367 /* Frameworks */,
			);
			buildRules = (
			);
			dependencies = (
				8E27C367D0BDD6FDB8481EC2 /* PBXTargetDependency */,
			);
			name = ThenTransport;
			packageProductDependencies = (
				1238C53EC6F4C5D1AF5C7CD8 /* OpenAPIRuntime */,
			);
			productName = ThenTransport;
			productReference = A7F1B274E154AB3DEA157FF7 /* ThenTransport.framework */;
			productType = "com.apple.product-type.framework";
		};
		BC07D24FB6036D0E8E6A5B6B /* ThenApp */ = {
			isa = PBXNativeTarget;
			buildConfigurationList = F68AB42AFD4C7D8A6FFFFA2D /* Build configuration list for PBXNativeTarget "ThenApp" */;
			buildPhases = (
				84747EE744FA1A9D63792F15 /* Sources */,
				79A611AA0F19F9DE7EF68753 /* Frameworks */,
				114E1ACF8324F392D52D121F /* Resources */,
			);
			buildRules = (
			);
			dependencies = (
				6A62ED60EB6EFBA838E458BC /* PBXTargetDependency */,
			);
			name = ThenApp;
			packageProductDependencies = (
				C6172DF9179DD456FAE1F314 /* GRDB */,
				02BEE0611CFB50A96F5A0656 /* OpenAPIURLSession */,
			);
			productName = ThenApp;
			productReference = B10DFA76DE5D4B252855E96B /* ThenApp.app */;
			productType = "com.apple.product-type.application";
		};
/* End PBXNativeTarget section */

/* Begin PBXProject section */
		120BA4F31277F8B7E2864012 /* Project object */ = {
			isa = PBXProject;
			attributes = {
				LastSwiftUpdateCheck = 2660;
				LastUpgradeCheck = 2660;
			};
			buildConfigurationList = ADEEA670045E1DB41BCA8DA6 /* Build configuration list for PBXProject "ThenApp" */;
			developmentRegion = "zh-Hans";
			hasScannedForEncodings = 0;
			knownRegions = (
				"zh-Hans",
				en,
				Base,
			);
			mainGroup = F0B64A2D346FFBBC58616FE8;
			packageReferences = (
				746F45F03F1551F1365317AD /* XCRemoteSwiftPackageReference "GRDB.swift" */,
				87C10ECDCE67CD58083C1857 /* XCRemoteSwiftPackageReference "swift-openapi-generator" */,
				3CB0B95931458ABC3B333BD3 /* XCRemoteSwiftPackageReference "swift-openapi-runtime" */,
				4BE1BC09118F9302053E42EA /* XCRemoteSwiftPackageReference "swift-openapi-urlsession" */,
			);
			preferredProjectObjectVersion = 100;
			productRefGroup = 4CB76DA76EF7F93758EF46C5 /* Products */;
			projectDirPath = "";
			projectRoot = "";
			targets = (
				BBD39ECB0AF261BF23743B73 /* ThenTransport */,
				BC07D24FB6036D0E8E6A5B6B /* ThenApp */,
				86B4D92DF57EB0602F8DFF60 /* ThenAppTests */,
				B462285BD7F77618EDDF0035 /* ThenAppUITests */,
			);
		};
/* End PBXProject section */

/* Begin PBXResourcesBuildPhase section */
		114E1ACF8324F392D52D121F /* Resources */ = {
			isa = PBXResourcesBuildPhase;
			files = (
				DDAA00000000000000000001 /* Assets.xcassets in Resources */,
				A10000000000000000000003 /* Resources/AvatarStudio in Resources */,
				9JA000000000000000000001 /* Localizable.xcstrings in Resources */,
				9JA000000000000000000002 /* InfoPlist.xcstrings in Resources */,
				9IA000000000000000000001 /* PrivacyInfo.xcprivacy in Resources */,
			);
		};
		4D87F133E9741E1CFDDD4679 /* Resources */ = {
			isa = PBXResourcesBuildPhase;
			files = (
				88E37753086BFEBA9CDFDB58 /* AvatarPhotoIntake in Resources */,
				E583898870F14BA6A01AE7E7 /* WardrobeContentProbe in Resources */,
			);
		};
		77675B2FFC5E0ED06923E2A8 /* Resources */ = {
			isa = PBXResourcesBuildPhase;
			files = (
			);
		};
/* End PBXResourcesBuildPhase section */

/* Begin PBXSourcesBuildPhase section */
		2126A56871C30A01FAE91766 /* Sources */ = {
			isa = PBXSourcesBuildPhase;
			files = (
				A10000000000000000000004 /* AvatarStudioModelTests.swift in Sources */,
				A7AB3802B7904279B47C6324 /* ThenAppTests/OutfitPlanViewModelTests.swift in Sources */,
				10B9B15FBAD3410DAA11A3BE /* ThenAppTests/OutfitPlanRepositoryTests.swift in Sources */,
				5A1CAE12DC384175BB653283 /* ThenAppTests/OutfitPlanTests.swift in Sources */,
				F144FF992F3249149A39F7F7 /* ThenAppTests/WardrobeVisionProbeTests.swift in Sources */,
				818151B6764A4ED0A5437FE7 /* ThenAppTests/Support/WardrobeVisionProbe.swift in Sources */,
				86C8576E30014441A7448500 /* ThenAppTests/WardrobePhotoFileImporterTests.swift in Sources */,
				11A456BD8C0B4829846CDBAB /* ThenAppTests/VisionWardrobePersonAnalyzerTests.swift in Sources */,
				4BD17317ED8041BDBACD47D6 /* ThenAppTests/WardrobePhotoReviewTests.swift in Sources */,
				B23592FEAA4C48C8BBC71264 /* ThenAppTests/SystemWardrobePhotoPickerTests.swift in Sources */,
				389174FA25DC405B9DC512C9 /* ThenAppTests/WardrobePhotoPreparerTests.swift in Sources */,
				308E0A4501291AC830DA27C3 /* ThenAppTests/Support/WardrobeMediaLifecycleProbe.swift in Sources */,
				E19F3B9E27BAF67012042071 /* ThenAppTests/WardrobeMediaLifecycleTests.swift in Sources */,
				E1272548C8DED951EED0AA89 /* ThenAppTests/WardrobePhotoRepositoryTests.swift in Sources */,
				F1B02BC8E69042B49A352D4B /* ThenAppTests/WardrobePhotoEditingTests.swift in Sources */,
				B417BBCF8FFC467FBD99E139 /* ThenAppTests/WardrobeItemPhotoSaveTests.swift in Sources */,
				6160976555DA2CBFA2B18CE3 /* WardrobeViewModelTests.swift in Sources */,
				6940954CFBFC53B9F1B87F77 /* WardrobeRepositoryTests.swift in Sources */,
				179A6C099DB68BC875CB2BF0 /* ThenTransportTests.swift in Sources */,
				82C262B41823785455696DBF /* AvatarPhotoFileImporterTests.swift in Sources */,
				550E1BE242B46537A0A41FE2 /* SystemAvatarPhotoPickerTests.swift in Sources */,
				9E8D9D22CD8469DBB561CE58 /* ImageIOAvatarPhotoSanitizerTests.swift in Sources */,
				09A422587FC702D71B101676 /* AvatarPhotoTemporarySessionStoreTests.swift in Sources */,
				5B3040D1C6AC8DF11097D4EA /* AvatarPhotoQualityPolicyTests.swift in Sources */,
			);
		};
		22E26125257CD5DFCA7A9EC9 /* Sources */ = {
			isa = PBXSourcesBuildPhase;
			files = (
				209AC6E1302BC5F8FB2E8325 /* ThenAppUITests.swift in Sources */,
			);
		};
		7709DAE2FE7BC5A53BE7B196 /* Sources */ = {
			isa = PBXSourcesBuildPhase;
			files = (
				E7F186EC19AEDBD04C515BFC /* openapi.yaml in Sources */,
				9C3DB5089E57B70446820CF8 /* openapi-generator-config.yaml in Sources */,
			);
		};
		84747EE744FA1A9D63792F15 /* Sources */ = {
			isa = PBXSourcesBuildPhase;
			files = (
				A10000000000000000000001 /* AvatarStudioView.swift in Sources */,
				A10000000000000000000002 /* ThreeAvatarView.swift in Sources */,
				A2F000000000000000000001 /* AvatarAssetCatalog.swift in Sources */,
				6575EA1CB1A94C50A4F29209 /* ThenApp/Features/Outfits/Presentation/OutfitPlanView.swift in Sources */,
				A8C2FA90C7F24FAD9E01754F /* ThenApp/Features/Outfits/Presentation/OutfitPlanViewModel.swift in Sources */,
				301F14B8EFB34D59A8FAB5EB /* ThenApp/Data/Outfits/OutfitPlanPersistence.swift in Sources */,
				F2BAD1D905014955AF3AFA1B /* ThenApp/Features/Outfits/Domain/OutfitPlanModels.swift in Sources */,
				4C7E85093B7C46989E21E438 /* ThenApp/Services/Photos/WardrobePhotoFileImporter.swift in Sources */,
				A1712B5FC90441409F1071D2 /* ThenApp/Services/Photos/WardrobePhotoPickerButton.swift in Sources */,
				07D303511A494FAD9CCDC98A /* ThenApp/Services/Photos/SystemWardrobePhotoPicker.swift in Sources */,
				5B4D811D5B3F4D7A8513A351 /* ThenApp/Services/Imaging/ImageIOWardrobePhotoPreparer.swift in Sources */,
				ACC848F03B0E491FBA2ED0BE /* ThenApp/Services/Imaging/WardrobePhotoImage.swift in Sources */,
				1343E1D5B15241A7AA93C592 /* ThenApp/Services/Imaging/VisionWardrobePersonAnalyzer.swift in Sources */,
				23F1319622714009B827464C /* ThenApp/Services/Imaging/PixelOnlyPNG.swift in Sources */,
				D8B86D9947893A57EFD07BBA /* OOTDAppModel.swift in Sources */,
				747433C2D6E752C072EC3B23 /* WardrobeView.swift in Sources */,
				96154EDE648F7109D398F989 /* WardrobeViewModel.swift in Sources */,
				C131B3A8068507E583E73BC7 /* ThenApp/Data/Wardrobe/WardrobePhotoPersistence.swift in Sources */,
				8909BC8359BD8343431DB225 /* GRDBWardrobeRepository.swift in Sources */,
				04C33BBB18064E6827CAF05D /* OOTDSchema.swift in Sources */,
				6681100884953FA8EBD3F55C /* ThenApp/Features/Wardrobe/Domain/WardrobePhotoModels.swift in Sources */,
				D160802E8CE84AFD8EE5047E /* ThenApp/Features/Wardrobe/Domain/WardrobePhotoReview.swift in Sources */,
				02FE08D6CC60C654A749267A /* WardrobeModels.swift in Sources */,
				4ACFA7DD876AA66256024EAC /* AvatarPhotoFileImporter.swift in Sources */,
				065ED7D18FA3335B2F6BE91E /* SystemAvatarPhotoPicker.swift in Sources */,
				976712A3D614B994AEAD94E5 /* ImageIOAvatarPhotoSanitizer.swift in Sources */,
				BE71C09A3B622E4DDB264B77 /* AvatarPhotoTemporarySessionStore.swift in Sources */,
				76D588567112E69C9A17A32E /* AvatarPhotoQualityPolicy.swift in Sources */,
				46B557789E14268D9BBEA4D1 /* AvatarPhotoIntakeModels.swift in Sources */,
				2EDEBB8D877F9DB0BCE0D125 /* ThenApp.swift in Sources */,
				7C3B46D48C67C82F19A9A435 /* RootView.swift in Sources */,
			);
		};
/* End PBXSourcesBuildPhase section */

/* Begin PBXTargetDependency section */
		5A8E4EE7FA2AE7B0F6E2C42F /* PBXTargetDependency */ = {
			isa = PBXTargetDependency;
			name = ThenApp;
			target = BC07D24FB6036D0E8E6A5B6B /* ThenApp */;
			targetProxy = 591071597D79E28F5711CDFB /* PBXContainerItemProxy */;
		};
		6A62ED60EB6EFBA838E458BC /* PBXTargetDependency */ = {
			isa = PBXTargetDependency;
			target = BBD39ECB0AF261BF23743B73 /* ThenTransport */;
			targetProxy = 8A045D8B2DFBFC3390DA4E9B /* PBXContainerItemProxy */;
		};
		8E27C367D0BDD6FDB8481EC2 /* PBXTargetDependency */ = {
			isa = PBXTargetDependency;
			productRef = D128F56BCB39030E41D8FD5B /* OpenAPIGenerator */;
		};
		F0EA7AC8BB05A7367AACBA99 /* PBXTargetDependency */ = {
			isa = PBXTargetDependency;
			name = ThenApp;
			target = BC07D24FB6036D0E8E6A5B6B /* ThenApp */;
			targetProxy = 82D3933384F7E18C17183B3D /* PBXContainerItemProxy */;
		};
/* End PBXTargetDependency section */

/* Begin XCBuildConfiguration section */
		0E23D767EB1272C97CF78DBD /* Debug configuration for PBXNativeTarget "ThenTransport" */ = {
			isa = XCBuildConfiguration;
			buildSettings = {
				CODE_SIGNING_ALLOWED = NO;
				CODE_SIGN_IDENTITY = "Apple Development";
				DEFINES_MODULE = YES;
				DEVELOPMENT_TEAM = H83G2F86MP;
				GENERATE_INFOPLIST_FILE = YES;
				IPHONEOS_DEPLOYMENT_TARGET = 26.0;
				MACH_O_TYPE = staticlib;
				PRODUCT_BUNDLE_IDENTIFIER = com.stephenqiu.then.transport;
				PRODUCT_NAME = "$(TARGET_NAME)";
				SDKROOT = iphoneos;
				SKIP_INSTALL = YES;
				SUPPORTED_PLATFORMS = "iphoneos iphonesimulator";
				SWIFT_APPROACHABLE_CONCURRENCY = YES;
				SWIFT_DEFAULT_ACTOR_ISOLATION = nonisolated;
				SWIFT_INSTALL_OBJC_HEADER = NO;
				SWIFT_STRICT_CONCURRENCY = complete;
				SWIFT_VERSION = 6.0;
				TARGETED_DEVICE_FAMILY = 1;
			};
			name = Debug;
		};
		208AC8712D1A10E09812922B /* Release configuration for PBXNativeTarget "ThenTransport" */ = {
			isa = XCBuildConfiguration;
			buildSettings = {
				CODE_SIGNING_ALLOWED = NO;
				CODE_SIGN_IDENTITY = "Apple Development";
				DEFINES_MODULE = YES;
				DEVELOPMENT_TEAM = H83G2F86MP;
				GENERATE_INFOPLIST_FILE = YES;
				IPHONEOS_DEPLOYMENT_TARGET = 26.0;
				MACH_O_TYPE = staticlib;
				PRODUCT_BUNDLE_IDENTIFIER = com.stephenqiu.then.transport;
				PRODUCT_NAME = "$(TARGET_NAME)";
				SDKROOT = iphoneos;
				SKIP_INSTALL = YES;
				SUPPORTED_PLATFORMS = "iphoneos iphonesimulator";
				SWIFT_APPROACHABLE_CONCURRENCY = YES;
				SWIFT_DEFAULT_ACTOR_ISOLATION = nonisolated;
				SWIFT_INSTALL_OBJC_HEADER = NO;
				SWIFT_STRICT_CONCURRENCY = complete;
				SWIFT_VERSION = 6.0;
				TARGETED_DEVICE_FAMILY = 1;
			};
			name = Release;
		};
		2491FB4132291008F6F9C922 /* Release configuration for PBXProject "ThenApp" */ = {
			isa = XCBuildConfiguration;
			buildSettings = {
				ALWAYS_SEARCH_USER_PATHS = NO;
				CLANG_ANALYZER_NONNULL = YES;
				CLANG_ANALYZER_NUMBER_OBJECT_CONVERSION = YES_AGGRESSIVE;
				CLANG_CXX_LANGUAGE_STANDARD = "gnu++14";
				CLANG_CXX_LIBRARY = "libc++";
				CLANG_ENABLE_MODULES = YES;
				CLANG_ENABLE_OBJC_ARC = YES;
				CLANG_ENABLE_OBJC_WEAK = YES;
				CLANG_WARN_BLOCK_CAPTURE_AUTORELEASING = YES;
				CLANG_WARN_BOOL_CONVERSION = YES;
				CLANG_WARN_COMMA = YES;
				CLANG_WARN_CONSTANT_CONVERSION = YES;
				CLANG_WARN_DEPRECATED_OBJC_IMPLEMENTATIONS = YES;
				CLANG_WARN_DIRECT_OBJC_ISA_USAGE = YES_ERROR;
				CLANG_WARN_DOCUMENTATION_COMMENTS = YES;
				CLANG_WARN_EMPTY_BODY = YES;
				CLANG_WARN_ENUM_CONVERSION = YES;
				CLANG_WARN_INFINITE_RECURSION = YES;
				CLANG_WARN_INT_CONVERSION = YES;
				CLANG_WARN_NON_LITERAL_NULL_CONVERSION = YES;
				CLANG_WARN_OBJC_IMPLICIT_RETAIN_SELF = YES;
				CLANG_WARN_OBJC_LITERAL_CONVERSION = YES;
				CLANG_WARN_OBJC_ROOT_CLASS = YES_ERROR;
				CLANG_WARN_QUOTED_INCLUDE_IN_FRAMEWORK_HEADER = YES;
				CLANG_WARN_RANGE_LOOP_ANALYSIS = YES;
				CLANG_WARN_STRICT_PROTOTYPES = YES;
				CLANG_WARN_SUSPICIOUS_MOVE = YES;
				CLANG_WARN_UNGUARDED_AVAILABILITY = YES_AGGRESSIVE;
				CLANG_WARN_UNREACHABLE_CODE = YES;
				CLANG_WARN__DUPLICATE_METHOD_MATCH = YES;
				COPY_PHASE_STRIP = NO;
				DEBUG_INFORMATION_FORMAT = "dwarf-with-dsym";
				ENABLE_NS_ASSERTIONS = NO;
				ENABLE_STRICT_OBJC_MSGSEND = YES;
				GCC_C_LANGUAGE_STANDARD = gnu11;
				GCC_NO_COMMON_BLOCKS = YES;
				GCC_WARN_64_TO_32_BIT_CONVERSION = YES;
				GCC_WARN_ABOUT_RETURN_TYPE = YES_ERROR;
				GCC_WARN_UNDECLARED_SELECTOR = YES;
				GCC_WARN_UNINITIALIZED_AUTOS = YES_AGGRESSIVE;
				GCC_WARN_UNUSED_FUNCTION = YES;
				GCC_WARN_UNUSED_VARIABLE = YES;
				IPHONEOS_DEPLOYMENT_TARGET = 26.0;
				MTL_ENABLE_DEBUG_INFO = NO;
				MTL_FAST_MATH = YES;
				PRODUCT_NAME = "$(TARGET_NAME)";
				SWIFT_COMPILATION_MODE = wholemodule;
				SWIFT_OPTIMIZATION_LEVEL = "-O";
				SWIFT_VERSION = 6.0;
			};
			name = Release;
		};
		273DFAA815B86504E79D903C /* Debug configuration for PBXNativeTarget "ThenAppTests" */ = {
			isa = XCBuildConfiguration;
			buildSettings = {
				BUNDLE_LOADER = "$(TEST_HOST)";
				CLANG_ENABLE_OBJC_WEAK = NO;
				CODE_SIGN_STYLE = Automatic;
				CURRENT_PROJECT_VERSION = 1;
				DEVELOPMENT_TEAM = H83G2F86MP;
				GENERATE_INFOPLIST_FILE = YES;
				IPHONEOS_DEPLOYMENT_TARGET = 26.0;
				MARKETING_VERSION = 0.1.0;
				PRODUCT_BUNDLE_IDENTIFIER = com.stephenqiu.then.tests;
				PRODUCT_NAME = "$(TARGET_NAME)";
				SDKROOT = iphoneos;
				SWIFT_APPROACHABLE_CONCURRENCY = YES;
				SWIFT_DEFAULT_ACTOR_ISOLATION = MainActor;
				SWIFT_STRICT_CONCURRENCY = complete;
				SWIFT_VERSION = 6.0;
				TARGETED_DEVICE_FAMILY = 1;
				TEST_HOST = "$(BUILT_PRODUCTS_DIR)/ThenApp.app/$(BUNDLE_EXECUTABLE_FOLDER_PATH)/ThenApp";
			};
			name = Debug;
		};
		53DB5D399FA49DDB15262046 /* Debug configuration for PBXNativeTarget "ThenApp" */ = {
			isa = XCBuildConfiguration;
			buildSettings = {
				ASSETCATALOG_COMPILER_APPICON_NAME = AppIcon;
				ASSETCATALOG_COMPILER_GLOBAL_ACCENT_COLOR_NAME = AccentColor;
				CLANG_ENABLE_OBJC_WEAK = NO;
				CODE_SIGN_STYLE = Automatic;
				CURRENT_PROJECT_VERSION = 1;
				DEVELOPMENT_TEAM = H83G2F86MP;
				ENABLE_PREVIEWS = YES;
				GENERATE_INFOPLIST_FILE = NO;
				INFOPLIST_FILE = ThenApp/Info.plist;
				INFOPLIST_KEY_CFBundleDisplayName = "于是";
				INFOPLIST_KEY_UIApplicationSceneManifest_Generation = YES;
				INFOPLIST_KEY_UIApplicationSupportsIndirectInputEvents = YES;
				INFOPLIST_KEY_UILaunchScreen_Generation = YES;
				IPHONEOS_DEPLOYMENT_TARGET = 26.0;
				LD_RUNPATH_SEARCH_PATHS = (
					"$(inherited)",
					"@executable_path/Frameworks",
				);
				MARKETING_VERSION = 0.1.0;
				PRODUCT_BUNDLE_IDENTIFIER = com.stephenqiu.then;
				PRODUCT_NAME = "$(TARGET_NAME)";
				SDKROOT = iphoneos;
				SUPPORTED_PLATFORMS = "iphoneos iphonesimulator";
				SUPPORTS_MACCATALYST = NO;
				SWIFT_APPROACHABLE_CONCURRENCY = YES;
				SWIFT_DEFAULT_ACTOR_ISOLATION = MainActor;
				SWIFT_EMIT_LOC_STRINGS = YES;
				SWIFT_STRICT_CONCURRENCY = complete;
				SWIFT_VERSION = 6.0;
				TARGETED_DEVICE_FAMILY = 1;
			};
			name = Debug;
		};
		6F8DFE083DDC7089D4C272C2 /* Debug configuration for PBXProject "ThenApp" */ = {
			isa = XCBuildConfiguration;
			buildSettings = {
				ALWAYS_SEARCH_USER_PATHS = NO;
				CLANG_ANALYZER_NONNULL = YES;
				CLANG_ANALYZER_NUMBER_OBJECT_CONVERSION = YES_AGGRESSIVE;
				CLANG_CXX_LANGUAGE_STANDARD = "gnu++14";
				CLANG_CXX_LIBRARY = "libc++";
				CLANG_ENABLE_MODULES = YES;
				CLANG_ENABLE_OBJC_ARC = YES;
				CLANG_ENABLE_OBJC_WEAK = YES;
				CLANG_WARN_BLOCK_CAPTURE_AUTORELEASING = YES;
				CLANG_WARN_BOOL_CONVERSION = YES;
				CLANG_WARN_COMMA = YES;
				CLANG_WARN_CONSTANT_CONVERSION = YES;
				CLANG_WARN_DEPRECATED_OBJC_IMPLEMENTATIONS = YES;
				CLANG_WARN_DIRECT_OBJC_ISA_USAGE = YES_ERROR;
				CLANG_WARN_DOCUMENTATION_COMMENTS = YES;
				CLANG_WARN_EMPTY_BODY = YES;
				CLANG_WARN_ENUM_CONVERSION = YES;
				CLANG_WARN_INFINITE_RECURSION = YES;
				CLANG_WARN_INT_CONVERSION = YES;
				CLANG_WARN_NON_LITERAL_NULL_CONVERSION = YES;
				CLANG_WARN_OBJC_IMPLICIT_RETAIN_SELF = YES;
				CLANG_WARN_OBJC_LITERAL_CONVERSION = YES;
				CLANG_WARN_OBJC_ROOT_CLASS = YES_ERROR;
				CLANG_WARN_QUOTED_INCLUDE_IN_FRAMEWORK_HEADER = YES;
				CLANG_WARN_RANGE_LOOP_ANALYSIS = YES;
				CLANG_WARN_STRICT_PROTOTYPES = YES;
				CLANG_WARN_SUSPICIOUS_MOVE = YES;
				CLANG_WARN_UNGUARDED_AVAILABILITY = YES_AGGRESSIVE;
				CLANG_WARN_UNREACHABLE_CODE = YES;
				CLANG_WARN__DUPLICATE_METHOD_MATCH = YES;
				COPY_PHASE_STRIP = NO;
				DEBUG_INFORMATION_FORMAT = dwarf;
				ENABLE_STRICT_OBJC_MSGSEND = YES;
				ENABLE_TESTABILITY = YES;
				GCC_C_LANGUAGE_STANDARD = gnu11;
				GCC_DYNAMIC_NO_PIC = NO;
				GCC_NO_COMMON_BLOCKS = YES;
				GCC_OPTIMIZATION_LEVEL = 0;
				GCC_PREPROCESSOR_DEFINITIONS = (
					"DEBUG=1",
					"$(inherited)",
				);
				GCC_WARN_64_TO_32_BIT_CONVERSION = YES;
				GCC_WARN_ABOUT_RETURN_TYPE = YES_ERROR;
				GCC_WARN_UNDECLARED_SELECTOR = YES;
				GCC_WARN_UNINITIALIZED_AUTOS = YES_AGGRESSIVE;
				GCC_WARN_UNUSED_FUNCTION = YES;
				GCC_WARN_UNUSED_VARIABLE = YES;
				IPHONEOS_DEPLOYMENT_TARGET = 26.0;
				MTL_ENABLE_DEBUG_INFO = INCLUDE_SOURCE;
				MTL_FAST_MATH = YES;
				ONLY_ACTIVE_ARCH = YES;
				PRODUCT_NAME = "$(TARGET_NAME)";
				SWIFT_ACTIVE_COMPILATION_CONDITIONS = DEBUG;
				SWIFT_OPTIMIZATION_LEVEL = "-Onone";
				SWIFT_VERSION = 6.0;
			};
			name = Debug;
		};
		84C78DE3A1DDBE8047EFFADE /* Release configuration for PBXNativeTarget "ThenAppUITests" */ = {
			isa = XCBuildConfiguration;
			buildSettings = {
				CLANG_ENABLE_OBJC_WEAK = NO;
				CODE_SIGN_STYLE = Automatic;
				CURRENT_PROJECT_VERSION = 1;
				DEVELOPMENT_TEAM = H83G2F86MP;
				GENERATE_INFOPLIST_FILE = YES;
				IPHONEOS_DEPLOYMENT_TARGET = 26.0;
				MARKETING_VERSION = 0.1.0;
				PRODUCT_BUNDLE_IDENTIFIER = com.stephenqiu.then.uitests;
				PRODUCT_NAME = "$(TARGET_NAME)";
				SDKROOT = iphoneos;
				SWIFT_APPROACHABLE_CONCURRENCY = YES;
				SWIFT_STRICT_CONCURRENCY = complete;
				SWIFT_VERSION = 6.0;
				TARGETED_DEVICE_FAMILY = 1;
				TEST_TARGET_NAME = ThenApp;
				VALIDATE_PRODUCT = YES;
			};
			name = Release;
		};
		853F6E1B3BA08849E7324B13 /* Debug configuration for PBXNativeTarget "ThenAppUITests" */ = {
			isa = XCBuildConfiguration;
			buildSettings = {
				CLANG_ENABLE_OBJC_WEAK = NO;
				CODE_SIGN_STYLE = Automatic;
				CURRENT_PROJECT_VERSION = 1;
				DEVELOPMENT_TEAM = H83G2F86MP;
				GENERATE_INFOPLIST_FILE = YES;
				IPHONEOS_DEPLOYMENT_TARGET = 26.0;
				MARKETING_VERSION = 0.1.0;
				PRODUCT_BUNDLE_IDENTIFIER = com.stephenqiu.then.uitests;
				PRODUCT_NAME = "$(TARGET_NAME)";
				SDKROOT = iphoneos;
				SWIFT_APPROACHABLE_CONCURRENCY = YES;
				SWIFT_STRICT_CONCURRENCY = complete;
				SWIFT_VERSION = 6.0;
				TARGETED_DEVICE_FAMILY = 1;
				TEST_TARGET_NAME = ThenApp;
			};
			name = Debug;
		};
		A8D3A5F7297FE4285C580B57 /* Release configuration for PBXNativeTarget "ThenApp" */ = {
			isa = XCBuildConfiguration;
			buildSettings = {
				ASSETCATALOG_COMPILER_APPICON_NAME = AppIcon;
				ASSETCATALOG_COMPILER_GLOBAL_ACCENT_COLOR_NAME = AccentColor;
				CLANG_ENABLE_OBJC_WEAK = NO;
				CODE_SIGN_STYLE = Automatic;
				CURRENT_PROJECT_VERSION = 1;
				DEVELOPMENT_TEAM = H83G2F86MP;
				ENABLE_PREVIEWS = YES;
				GENERATE_INFOPLIST_FILE = NO;
				INFOPLIST_FILE = ThenApp/Info.plist;
				INFOPLIST_KEY_CFBundleDisplayName = "于是";
				INFOPLIST_KEY_UIApplicationSceneManifest_Generation = YES;
				INFOPLIST_KEY_UIApplicationSupportsIndirectInputEvents = YES;
				INFOPLIST_KEY_UILaunchScreen_Generation = YES;
				IPHONEOS_DEPLOYMENT_TARGET = 26.0;
				LD_RUNPATH_SEARCH_PATHS = (
					"$(inherited)",
					"@executable_path/Frameworks",
				);
				MARKETING_VERSION = 0.1.0;
				PRODUCT_BUNDLE_IDENTIFIER = com.stephenqiu.then;
				PRODUCT_NAME = "$(TARGET_NAME)";
				SDKROOT = iphoneos;
				SUPPORTED_PLATFORMS = "iphoneos iphonesimulator";
				SUPPORTS_MACCATALYST = NO;
				SWIFT_APPROACHABLE_CONCURRENCY = YES;
				SWIFT_DEFAULT_ACTOR_ISOLATION = MainActor;
				SWIFT_EMIT_LOC_STRINGS = YES;
				SWIFT_STRICT_CONCURRENCY = complete;
				SWIFT_VERSION = 6.0;
				TARGETED_DEVICE_FAMILY = 1;
				VALIDATE_PRODUCT = YES;
			};
			name = Release;
		};
		E9C9A6D7B3B4461D608A13E7 /* Release configuration for PBXNativeTarget "ThenAppTests" */ = {
			isa = XCBuildConfiguration;
			buildSettings = {
				BUNDLE_LOADER = "$(TEST_HOST)";
				CLANG_ENABLE_OBJC_WEAK = NO;
				CODE_SIGN_STYLE = Automatic;
				CURRENT_PROJECT_VERSION = 1;
				DEVELOPMENT_TEAM = H83G2F86MP;
				GENERATE_INFOPLIST_FILE = YES;
				IPHONEOS_DEPLOYMENT_TARGET = 26.0;
				MARKETING_VERSION = 0.1.0;
				PRODUCT_BUNDLE_IDENTIFIER = com.stephenqiu.then.tests;
				PRODUCT_NAME = "$(TARGET_NAME)";
				SDKROOT = iphoneos;
				SWIFT_APPROACHABLE_CONCURRENCY = YES;
				SWIFT_DEFAULT_ACTOR_ISOLATION = MainActor;
				SWIFT_STRICT_CONCURRENCY = complete;
				SWIFT_VERSION = 6.0;
				TARGETED_DEVICE_FAMILY = 1;
				TEST_HOST = "$(BUILT_PRODUCTS_DIR)/ThenApp.app/$(BUNDLE_EXECUTABLE_FOLDER_PATH)/ThenApp";
				VALIDATE_PRODUCT = YES;
			};
			name = Release;
		};
/* End XCBuildConfiguration section */

/* Begin XCConfigurationList section */
		1FE77A648D415DC0F5DE676B /* Build configuration list for PBXNativeTarget "ThenAppTests" */ = {
			isa = XCConfigurationList;
			buildConfigurations = (
				E9C9A6D7B3B4461D608A13E7 /* Release configuration for PBXNativeTarget "ThenAppTests" */,
				273DFAA815B86504E79D903C /* Debug configuration for PBXNativeTarget "ThenAppTests" */,
			);
			defaultConfigurationName = Release;
		};
		ADEEA670045E1DB41BCA8DA6 /* Build configuration list for PBXProject "ThenApp" */ = {
			isa = XCConfigurationList;
			buildConfigurations = (
				6F8DFE083DDC7089D4C272C2 /* Debug configuration for PBXProject "ThenApp" */,
				2491FB4132291008F6F9C922 /* Release configuration for PBXProject "ThenApp" */,
			);
			defaultConfigurationName = Release;
		};
		D3458B434622E93CC5B02447 /* Build configuration list for PBXNativeTarget "ThenAppUITests" */ = {
			isa = XCConfigurationList;
			buildConfigurations = (
				84C78DE3A1DDBE8047EFFADE /* Release configuration for PBXNativeTarget "ThenAppUITests" */,
				853F6E1B3BA08849E7324B13 /* Debug configuration for PBXNativeTarget "ThenAppUITests" */,
			);
			defaultConfigurationName = Release;
		};
		E20B3A5C9A04BD04FF8F9DB7 /* Build configuration list for PBXNativeTarget "ThenTransport" */ = {
			isa = XCConfigurationList;
			buildConfigurations = (
				0E23D767EB1272C97CF78DBD /* Debug configuration for PBXNativeTarget "ThenTransport" */,
				208AC8712D1A10E09812922B /* Release configuration for PBXNativeTarget "ThenTransport" */,
			);
			defaultConfigurationName = Release;
		};
		F68AB42AFD4C7D8A6FFFFA2D /* Build configuration list for PBXNativeTarget "ThenApp" */ = {
			isa = XCConfigurationList;
			buildConfigurations = (
				A8D3A5F7297FE4285C580B57 /* Release configuration for PBXNativeTarget "ThenApp" */,
				53DB5D399FA49DDB15262046 /* Debug configuration for PBXNativeTarget "ThenApp" */,
			);
			defaultConfigurationName = Release;
		};
/* End XCConfigurationList section */

/* Begin XCRemoteSwiftPackageReference section */
		3CB0B95931458ABC3B333BD3 /* XCRemoteSwiftPackageReference "swift-openapi-runtime" */ = {
			isa = XCRemoteSwiftPackageReference;
			repositoryURL = "https://github.com/apple/swift-openapi-runtime.git";
			requirement = {
				kind = exactVersion;
				version = 1.12.0;
			};
		};
		4BE1BC09118F9302053E42EA /* XCRemoteSwiftPackageReference "swift-openapi-urlsession" */ = {
			isa = XCRemoteSwiftPackageReference;
			repositoryURL = "https://github.com/apple/swift-openapi-urlsession.git";
			requirement = {
				kind = exactVersion;
				version = 1.3.1;
			};
		};
		746F45F03F1551F1365317AD /* XCRemoteSwiftPackageReference "GRDB.swift" */ = {
			isa = XCRemoteSwiftPackageReference;
			repositoryURL = "https://github.com/groue/GRDB.swift.git";
			requirement = {
				kind = exactVersion;
				version = 7.11.1;
			};
		};
		87C10ECDCE67CD58083C1857 /* XCRemoteSwiftPackageReference "swift-openapi-generator" */ = {
			isa = XCRemoteSwiftPackageReference;
			repositoryURL = "https://github.com/apple/swift-openapi-generator.git";
			requirement = {
				kind = exactVersion;
				version = 1.13.0;
			};
		};
/* End XCRemoteSwiftPackageReference section */

/* Begin XCSwiftPackageProductDependency section */
		02BEE0611CFB50A96F5A0656 /* OpenAPIURLSession */ = {
			isa = XCSwiftPackageProductDependency;
			package = 4BE1BC09118F9302053E42EA /* XCRemoteSwiftPackageReference "swift-openapi-urlsession" */;
			productName = OpenAPIURLSession;
		};
		1238C53EC6F4C5D1AF5C7CD8 /* OpenAPIRuntime */ = {
			isa = XCSwiftPackageProductDependency;
			package = 3CB0B95931458ABC3B333BD3 /* XCRemoteSwiftPackageReference "swift-openapi-runtime" */;
			productName = OpenAPIRuntime;
		};
		C6172DF9179DD456FAE1F314 /* GRDB */ = {
			isa = XCSwiftPackageProductDependency;
			package = 746F45F03F1551F1365317AD /* XCRemoteSwiftPackageReference "GRDB.swift" */;
			productName = GRDB;
		};
		D128F56BCB39030E41D8FD5B /* OpenAPIGenerator */ = {
			isa = XCSwiftPackageProductDependency;
			package = 87C10ECDCE67CD58083C1857 /* XCRemoteSwiftPackageReference "swift-openapi-generator" */;
			productName = "plugin:OpenAPIGenerator";
		};
		F5EA68A49EF90BC27CD2A37D /* HTTPTypes */ = {
			isa = XCSwiftPackageProductDependency;
			productName = HTTPTypes;
		};
/* End XCSwiftPackageProductDependency section */
	};
	rootObject = 120BA4F31277F8B7E2864012 /* Project object */;
}
